
Microsoft Visual Studio Solution File, Format Version 12.00
# Visual Studio Version 17
VisualStudioVersion = 17.7.34024.191
MinimumVisualStudioVersion = 10.0.40219.1
Project("{FAE04EC0-301F-11D3-BF4B-00C04F79EFBC}") = "SeleniumLoginPageAssesment", "SeleniumLoginPageAssesment.csproj", "{80649FDA-41F6-4BFC-88B4-3CA2BA5F3021}"
EndProject
Global
	GlobalSection(SolutionConfigurationPlatforms) = preSolution
		Debug|Any CPU = Debug|Any CPU
		Release|Any CPU = Release|Any CPU
	EndGlobalSection
	GlobalSection(ProjectConfigurationPlatforms) = postSolution
		{80649FDA-41F6-4BFC-88B4-3CA2BA5F3021}.Debug|Any CPU.ActiveCfg = Debug|Any CPU
		{80649FDA-41F6-4BFC-88B4-3CA2BA5F3021}.Debug|Any CPU.Build.0 = Debug|Any CPU
		{80649FDA-41F6-4BFC-88B4-3CA2BA5F3021}.Release|Any CPU.ActiveCfg = Release|Any CPU
		{80649FDA-41F6-4BFC-88B4-3CA2BA5F3021}.Release|Any CPU.Build.0 = Release|Any CPU
	EndGlobalSection
	GlobalSection(SolutionProperties) = preSolution
		HideSolutionNode = FALSE
	EndGlobalSection
	GlobalSection(ExtensibilityGlobals) = postSolution
		SolutionGuid = {59E37EC8-47AD-450B-A0FF-142A7D52C8F1}
	EndGlobalSection
EndGlobal
