
Microsoft Visual Studio Solution File, Format Version 12.00
# Visual Studio Version 17
VisualStudioVersion = 17.7.34031.279
MinimumVisualStudioVersion = 10.0.40219.1
Project("{9A19103F-16F7-4668-BE54-9A1E7A4F7556}") = "Q6_SharePointUpdate", "Q6_SharePointUpdate.csproj", "{A0CFFC0F-B1D6-4D90-AC9A-5B78BDC59DF2}"
EndProject
Global
	GlobalSection(SolutionConfigurationPlatforms) = preSolution
		Debug|Any CPU = Debug|Any CPU
		Release|Any CPU = Release|Any CPU
	EndGlobalSection
	GlobalSection(ProjectConfigurationPlatforms) = postSolution
		{A0CFFC0F-B1D6-4D90-AC9A-5B78BDC59DF2}.Debug|Any CPU.ActiveCfg = Debug|Any CPU
		{A0CFFC0F-B1D6-4D90-AC9A-5B78BDC59DF2}.Debug|Any CPU.Build.0 = Debug|Any CPU
		{A0CFFC0F-B1D6-4D90-AC9A-5B78BDC59DF2}.Release|Any CPU.ActiveCfg = Release|Any CPU
		{A0CFFC0F-B1D6-4D90-AC9A-5B78BDC59DF2}.Release|Any CPU.Build.0 = Release|Any CPU
	EndGlobalSection
	GlobalSection(SolutionProperties) = preSolution
		HideSolutionNode = FALSE
	EndGlobalSection
	GlobalSection(ExtensibilityGlobals) = postSolution
		SolutionGuid = {3FA8EA7E-B884-4B69-AECC-59F408266E67}
	EndGlobalSection
EndGlobal
