
Microsoft Visual Studio Solution File, Format Version 12.00
# Visual Studio Version 17
VisualStudioVersion = 17.7.34031.279
MinimumVisualStudioVersion = 10.0.40219.1
Project("{FAE04EC0-301F-11D3-BF4B-00C04F79EFBC}") = "Part8_LoggingUsingLog4net", "Part8_LoggingUsingLog4net.csproj", "{F73DD42F-E3D3-4533-A6BD-1C6E511312DB}"
EndProject
Global
	GlobalSection(SolutionConfigurationPlatforms) = preSolution
		Debug|Any CPU = Debug|Any CPU
		Release|Any CPU = Release|Any CPU
	EndGlobalSection
	GlobalSection(ProjectConfigurationPlatforms) = postSolution
		{F73DD42F-E3D3-4533-A6BD-1C6E511312DB}.Debug|Any CPU.ActiveCfg = Debug|Any CPU
		{F73DD42F-E3D3-4533-A6BD-1C6E511312DB}.Debug|Any CPU.Build.0 = Debug|Any CPU
		{F73DD42F-E3D3-4533-A6BD-1C6E511312DB}.Release|Any CPU.ActiveCfg = Release|Any CPU
		{F73DD42F-E3D3-4533-A6BD-1C6E511312DB}.Release|Any CPU.Build.0 = Release|Any CPU
	EndGlobalSection
	GlobalSection(SolutionProperties) = preSolution
		HideSolutionNode = FALSE
	EndGlobalSection
	GlobalSection(ExtensibilityGlobals) = postSolution
		SolutionGuid = {AE2083F4-DD72-486A-BD9F-38A95BBDF4DA}
	EndGlobalSection
EndGlobal
