
Microsoft Visual Studio Solution File, Format Version 12.00
# Visual Studio Version 17
VisualStudioVersion = 17.7.34202.233
MinimumVisualStudioVersion = 10.0.40219.1
Project("{FAE04EC0-301F-11D3-BF4B-00C04F79EFBC}") = "Part4PythonInDotNET", "Part4PythonInDotNET.csproj", "{67B0B177-2B6C-44FE-9076-EE09F0D032CE}"
EndProject
Global
	GlobalSection(SolutionConfigurationPlatforms) = preSolution
		Debug|Any CPU = Debug|Any CPU
		Release|Any CPU = Release|Any CPU
	EndGlobalSection
	GlobalSection(ProjectConfigurationPlatforms) = postSolution
		{67B0B177-2B6C-44FE-9076-EE09F0D032CE}.Debug|Any CPU.ActiveCfg = Debug|Any CPU
		{67B0B177-2B6C-44FE-9076-EE09F0D032CE}.Debug|Any CPU.Build.0 = Debug|Any CPU
		{67B0B177-2B6C-44FE-9076-EE09F0D032CE}.Release|Any CPU.ActiveCfg = Release|Any CPU
		{67B0B177-2B6C-44FE-9076-EE09F0D032CE}.Release|Any CPU.Build.0 = Release|Any CPU
	EndGlobalSection
	GlobalSection(SolutionProperties) = preSolution
		HideSolutionNode = FALSE
	EndGlobalSection
	GlobalSection(ExtensibilityGlobals) = postSolution
		SolutionGuid = {15063A87-655D-4FE9-B4FE-F6D6D1B67655}
	EndGlobalSection
EndGlobal
